// !$*UTF8*$!
{
	archiveVersion = 1;
	classes = {
	};
	objectVersion = 56;
	objects = {

/* Begin PBXBuildFile section */
		231BDA742EAFFBA1004912E9 /* FlightDetailView.swift in Sources */ = {isa = PBXBuildFile; fileRef = 231BDA732EAFFBA1004912E9 /* FlightDetailView.swift */; };
		23304D6A2EBF7B8B006FD28A /* FlightChartCardView.swift in Sources */ = {isa = PBXBuildFile; fileRef = 23304D692EBF7B8B006FD28A /* FlightChartCardView.swift */; };
		23304D6C2EBF7C74006FD28A /* FlightGForceView.swift in Sources */ = {isa = PBXBuildFile; fileRef = 23304D6B2EBF7C74006FD28A /* FlightGForceView.swift */; };
		23304D6E2EBF9722006FD28A /* FlightHeartRateView.swift in Sources */ = {isa = PBXBuildFile; fileRef = 23304D6D2EBF9722006FD28A /* FlightHeartRateView.swift */; };
		2344FBA62E9D57D300E010F9 /* PhoneSession.swift in Sources */ = {isa = PBXBuildFile; fileRef = 2344FBA52E9D57D300E010F9 /* PhoneSession.swift */; };
		2344FBA82E9D586B00E010F9 /* WatchSession.swift in Sources */ = {isa = PBXBuildFile; fileRef = 2344FBA72E9D586B00E010F9 /* WatchSession.swift */; };
		2344FBAA2E9D5BEB00E010F9 /* SensorManager.swift in Sources */ = {isa = PBXBuildFile; fileRef = 2344FBA92E9D5BEB00E010F9 /* SensorManager.swift */; };
		2344FBAC2E9D5C0B00E010F9 /* FlightData.swift in Sources */ = {isa = PBXBuildFile; fileRef = 2344FBAB2E9D5C0B00E010F9 /* FlightData.swift */; };
		234885F12EAE92790028D73B /* FlightSession.swift in Sources */ = {isa = PBXBuildFile; fileRef = 234885F02EAE92790028D73B /* FlightSession.swift */; };
		234885F32EAE98E60028D73B /* FlightSessionManager.swift in Sources */ = {isa = PBXBuildFile; fileRef = 234885F22EAE98E60028D73B /* FlightSessionManager.swift */; };
		234885F52EAE9ACA0028D73B /* HomeView.swift in Sources */ = {isa = PBXBuildFile; fileRef = 234885F42EAE9ACA0028D73B /* HomeView.swift */; };
		236B28A02EAD499A008112BD /* PersistenceController.swift in Sources */ = {isa = PBXBuildFile; fileRef = 236B289F2EAD499A008112BD /* PersistenceController.swift */; };
		236B28A22EAD4A13008112BD /* FlightRecord.swift in Sources */ = {isa = PBXBuildFile; fileRef = 236B28A12EAD4A13008112BD /* FlightRecord.swift */; };
		236B28A52EAD57EB008112BD /* FlightMetricsApp.xcdatamodeld in Sources */ = {isa = PBXBuildFile; fileRef = 236B28A32EAD57EB008112BD /* FlightMetricsApp.xcdatamodeld */; };
		236C2F2B2EAAB6B40034CA01 /* FlightData.swift in Sources */ = {isa = PBXBuildFile; fileRef = 2344FBAB2E9D5C0B00E010F9 /* FlightData.swift */; };
		2374E2B22EC2302800EDD47A /* FlightGyroscopeView.swift in Sources */ = {isa = PBXBuildFile; fileRef = 2374E2B12EC2302800EDD47A /* FlightGyroscopeView.swift */; };
		2374E2B42EC246CA00EDD47A /* SettingsView.swift in Sources */ = {isa = PBXBuildFile; fileRef = 2374E2B32EC246CA00EDD47A /* SettingsView.swift */; };
		23A927EC2EBAB60C0059E4DB /* FlightStatsManager.swift in Sources */ = {isa = PBXBuildFile; fileRef = 23A927EB2EBAB60C0059E4DB /* FlightStatsManager.swift */; };
		23BE945D2EB9551100D574FA /* FlightChartsView.swift in Sources */ = {isa = PBXBuildFile; fileRef = 23BE945C2EB9551100D574FA /* FlightChartsView.swift */; };
		23C28C9B2EB41C5B0094A20B /* FlightMapView.swift in Sources */ = {isa = PBXBuildFile; fileRef = 23C28C9A2EB41C5B0094A20B /* FlightMapView.swift */; };
		3B9EF98E2E915C3900728123 /* FlightMetricsAppApp.swift in Sources */ = {isa = PBXBuildFile; fileRef = 3B9EF98D2E915C3900728123 /* FlightMetricsAppApp.swift */; };
		3B9EF9902E915C3900728123 /* PhoneContentView.swift in Sources */ = {isa = PBXBuildFile; fileRef = 3B9EF98F2E915C3900728123 /* PhoneContentView.swift */; };
		3B9EF9922E915C3C00728123 /* Assets.xcassets in Resources */ = {isa = PBXBuildFile; fileRef = 3B9EF9912E915C3C00728123 /* Assets.xcassets */; };
		3B9EF9952E915C3C00728123 /* Preview Assets.xcassets in Resources */ = {isa = PBXBuildFile; fileRef = 3B9EF9942E915C3C00728123 /* Preview Assets.xcassets */; };
		3B9EF99F2E915C3C00728123 /* FlightMetricsAppTests.swift in Sources */ = {isa = PBXBuildFile; fileRef = 3B9EF99E2E915C3C00728123 /* FlightMetricsAppTests.swift */; };
		3B9EF9A92E915C3C00728123 /* FlightMetricsAppUITests.swift in Sources */ = {isa = PBXBuildFile; fileRef = 3B9EF9A82E915C3C00728123 /* FlightMetricsAppUITests.swift */; };
		3B9EF9AB2E915C3C00728123 /* FlightMetricsAppUITestsLaunchTests.swift in Sources */ = {isa = PBXBuildFile; fileRef = 3B9EF9AA2E915C3C00728123 /* FlightMetricsAppUITestsLaunchTests.swift */; };
		3B9EF9BE2E9168D000728123 /* FlightMetricsAppWatchApp.swift in Sources */ = {isa = PBXBuildFile; fileRef = 3B9EF9BD2E9168D000728123 /* FlightMetricsAppWatchApp.swift */; };
		3B9EF9C02E9168D000728123 /* WatchContentView.swift in Sources */ = {isa = PBXBuildFile; fileRef = 3B9EF9BF2E9168D000728123 /* WatchContentView.swift */; };
		3B9EF9C22E9168D300728123 /* Assets.xcassets in Resources */ = {isa = PBXBuildFile; fileRef = 3B9EF9C12E9168D300728123 /* Assets.xcassets */; };
		3B9EF9C52E9168D300728123 /* Preview Assets.xcassets in Resources */ = {isa = PBXBuildFile; fileRef = 3B9EF9C42E9168D300728123 /* Preview Assets.xcassets */; };
		3B9EF9CF2E9168D300728123 /* FlightMetricsAppWatch_Watch_AppTests.swift in Sources */ = {isa = PBXBuildFile; fileRef = 3B9EF9CE2E9168D300728123 /* FlightMetricsAppWatch_Watch_AppTests.swift */; };
		3B9EF9D92E9168D300728123 /* FlightMetricsAppWatch_Watch_AppUITests.swift in Sources */ = {isa = PBXBuildFile; fileRef = 3B9EF9D82E9168D300728123 /* FlightMetricsAppWatch_Watch_AppUITests.swift */; };
		3B9EF9DB2E9168D400728123 /* FlightMetricsAppWatch_Watch_AppUITestsLaunchTests.swift in Sources */ = {isa = PBXBuildFile; fileRef = 3B9EF9DA2E9168D400728123 /* FlightMetricsAppWatch_Watch_AppUITestsLaunchTests.swift */; };
		3B9EF9DE2E9168D400728123 /* FlightMetricsAppWatch Watch App.app in Embed Watch Content */ = {isa = PBXBuildFile; fileRef = 3B9EF9BB2E9168CF00728123 /* FlightMetricsAppWatch Watch App.app */; settings = {ATTRIBUTES = (RemoveHeadersOnCopy, ); }; };
/* End PBXBuildFile section */

/* Begin PBXContainerItemProxy section */
		3B9EF99B2E915C3C00728123 /* PBXContainerItemProxy */ = {
			isa = PBXContainerItemProxy;
			containerPortal = 3B9EF9822E915C3900728123 /* Project object */;
			proxyType = 1;
			remoteGlobalIDString = 3B9EF9892E915C3900728123;
			remoteInfo = FlightMetricsApp;
		};
		3B9EF9A52E915C3C00728123 /* PBXContainerItemProxy */ = {
			isa = PBXContainerItemProxy;
			containerPortal = 3B9EF9822E915C3900728123 /* Project object */;
			proxyType = 1;
			remoteGlobalIDString = 3B9EF9892E915C3900728123;
			remoteInfo = FlightMetricsApp;
		};
		3B9EF9CB2E9168D300728123 /* PBXContainerItemProxy */ = {
			isa = PBXContainerItemProxy;
			containerPortal = 3B9EF9822E915C3900728123 /* Project object */;
			proxyType = 1;
			remoteGlobalIDString = 3B9EF9BA2E9168CF00728123;
			remoteInfo = "FlightMetricsAppWatch Watch App";
		};
		3B9EF9D52E9168D300728123 /* PBXContainerItemProxy */ = {
			isa = PBXContainerItemProxy;
			containerPortal = 3B9EF9822E915C3900728123 /* Project object */;
			proxyType = 1;
			remoteGlobalIDString = 3B9EF9BA2E9168CF00728123;
			remoteInfo = "FlightMetricsAppWatch Watch App";
		};
		3B9EF9DC2E9168D400728123 /* PBXContainerItemProxy */ = {
			isa = PBXContainerItemProxy;
			containerPortal = 3B9EF9822E915C3900728123 /* Project object */;
			proxyType = 1;
			remoteGlobalIDString = 3B9EF9BA2E9168CF00728123;
			remoteInfo = "FlightMetricsAppWatch Watch App";
		};
/* End PBXContainerItemProxy section */

/* Begin PBXCopyFilesBuildPhase section */
		3B9EF9E22E9168D400728123 /* Embed Watch Content */ = {
			isa = PBXCopyFilesBuildPhase;
			buildActionMask = 2147483647;
			dstPath = "$(CONTENTS_FOLDER_PATH)/Watch";
			dstSubfolderSpec = 16;
			files = (
				3B9EF9DE2E9168D400728123 /* FlightMetricsAppWatch Watch App.app in Embed Watch Content */,
			);
			name = "Embed Watch Content";
			runOnlyForDeploymentPostprocessing = 0;
		};
/* End PBXCopyFilesBuildPhase section */

/* Begin PBXFileReference section */
		231BDA732EAFFBA1004912E9 /* FlightDetailView.swift */ = {isa = PBXFileReference; lastKnownFileType = sourcecode.swift; path = FlightDetailView.swift; sourceTree = "<group>"; };
		23304D692EBF7B8B006FD28A /* FlightChartCardView.swift */ = {isa = PBXFileReference; lastKnownFileType = sourcecode.swift; path = FlightChartCardView.swift; sourceTree = "<group>"; };
		23304D6B2EBF7C74006FD28A /* FlightGForceView.swift */ = {isa = PBXFileReference; lastKnownFileType = sourcecode.swift; path = FlightGForceView.swift; sourceTree = "<group>"; };
		23304D6D2EBF9722006FD28A /* FlightHeartRateView.swift */ = {isa = PBXFileReference; lastKnownFileType = sourcecode.swift; path = FlightHeartRateView.swift; sourceTree = "<group>"; };
		2344FBA52E9D57D300E010F9 /* PhoneSession.swift */ = {isa = PBXFileReference; lastKnownFileType = sourcecode.swift; path = PhoneSession.swift; sourceTree = "<group>"; };
		2344FBA72E9D586B00E010F9 /* WatchSession.swift */ = {isa = PBXFileReference; lastKnownFileType = sourcecode.swift; path = WatchSession.swift; sourceTree = "<group>"; };
		2344FBA92E9D5BEB00E010F9 /* SensorManager.swift */ = {isa = PBXFileReference; lastKnownFileType = sourcecode.swift; path = SensorManager.swift; sourceTree = "<group>"; };
		2344FBAB2E9D5C0B00E010F9 /* FlightData.swift */ = {isa = PBXFileReference; lastKnownFileType = sourcecode.swift; path = FlightData.swift; sourceTree = "<group>"; };
		234885F02EAE92790028D73B /* FlightSession.swift */ = {isa = PBXFileReference; lastKnownFileType = sourcecode.swift; path = FlightSession.swift; sourceTree = "<group>"; };
		234885F22EAE98E60028D73B /* FlightSessionManager.swift */ = {isa = PBXFileReference; lastKnownFileType = sourcecode.swift; path = FlightSessionManager.swift; sourceTree = "<group>"; };
		234885F42EAE9ACA0028D73B /* HomeView.swift */ = {isa = PBXFileReference; lastKnownFileType = sourcecode.swift; path = HomeView.swift; sourceTree = "<group>"; };
		23533A942EA95D9700D155EC /* FlightMetricsApp.entitlements */ = {isa = PBXFileReference; lastKnownFileType = text.plist.entitlements; path = FlightMetricsApp.entitlements; sourceTree = "<group>"; };
		23533A952EA95E7900D155EC /* FlightMetricsAppWatch Watch App.entitlements */ = {isa = PBXFileReference; lastKnownFileType = text.plist.entitlements; path = "FlightMetricsAppWatch Watch App.entitlements"; sourceTree = "<group>"; };
		236B289F2EAD499A008112BD /* PersistenceController.swift */ = {isa = PBXFileReference; lastKnownFileType = sourcecode.swift; path = PersistenceController.swift; sourceTree = "<group>"; };
		236B28A12EAD4A13008112BD /* FlightRecord.swift */ = {isa = PBXFileReference; lastKnownFileType = sourcecode.swift; path = FlightRecord.swift; sourceTree = "<group>"; };
		236B28A42EAD57EB008112BD /* FlightMetricsApp.xcdatamodel */ = {isa = PBXFileReference; lastKnownFileType = wrapper.xcdatamodel; path = FlightMetricsApp.xcdatamodel; sourceTree = "<group>"; };
		2374E2B12EC2302800EDD47A /* FlightGyroscopeView.swift */ = {isa = PBXFileReference; lastKnownFileType = sourcecode.swift; path = FlightGyroscopeView.swift; sourceTree = "<group>"; };
		2374E2B32EC246CA00EDD47A /* SettingsView.swift */ = {isa = PBXFileReference; lastKnownFileType = sourcecode.swift; path = SettingsView.swift; sourceTree = "<group>"; };
		23A927EB2EBAB60C0059E4DB /* FlightStatsManager.swift */ = {isa = PBXFileReference; lastKnownFileType = sourcecode.swift; path = FlightStatsManager.swift; sourceTree = "<group>"; };
		23BE945C2EB9551100D574FA /* FlightChartsView.swift */ = {isa = PBXFileReference; lastKnownFileType = sourcecode.swift; path = FlightChartsView.swift; sourceTree = "<group>"; };
		23C28C9A2EB41C5B0094A20B /* FlightMapView.swift */ = {isa = PBXFileReference; lastKnownFileType = sourcecode.swift; path = FlightMapView.swift; sourceTree = "<group>"; };
		3B9EF98A2E915C3900728123 /* FlightMetricsApp.app */ = {isa = PBXFileReference; explicitFileType = wrapper.application; includeInIndex = 0; path = FlightMetricsApp.app; sourceTree = BUILT_PRODUCTS_DIR; };
		3B9EF98D2E915C3900728123 /* FlightMetricsAppApp.swift */ = {isa = PBXFileReference; lastKnownFileType = sourcecode.swift; path = FlightMetricsAppApp.swift; sourceTree = "<group>"; };
		3B9EF98F2E915C3900728123 /* PhoneContentView.swift */ = {isa = PBXFileReference; lastKnownFileType = sourcecode.swift; path = PhoneContentView.swift; sourceTree = "<group>"; };
		3B9EF9912E915C3C00728123 /* Assets.xcassets */ = {isa = PBXFileReference; lastKnownFileType = folder.assetcatalog; path = Assets.xcassets; sourceTree = "<group>"; };
		3B9EF9942E915C3C00728123 /* Preview Assets.xcassets */ = {isa = PBXFileReference; lastKnownFileType = folder.assetcatalog; path = "Preview Assets.xcassets"; sourceTree = "<group>"; };
		3B9EF99A2E915C3C00728123 /* FlightMetricsAppTests.xctest */ = {isa = PBXFileReference; explicitFileType = wrapper.cfbundle; includeInIndex = 0; path = FlightMetricsAppTests.xctest; sourceTree = BUILT_PRODUCTS_DIR; };
		3B9EF99E2E915C3C00728123 /* FlightMetricsAppTests.swift */ = {isa = PBXFileReference; lastKnownFileType = sourcecode.swift; path = FlightMetricsAppTests.swift; sourceTree = "<group>"; };
		3B9EF9A42E915C3C00728123 /* FlightMetricsAppUITests.xctest */ = {isa = PBXFileReference; explicitFileType = wrapper.cfbundle; includeInIndex = 0; path = FlightMetricsAppUITests.xctest; sourceTree = BUILT_PRODUCTS_DIR; };
		3B9EF9A82E915C3C00728123 /* FlightMetricsAppUITests.swift */ = {isa = PBXFileReference; lastKnownFileType = sourcecode.swift; path = FlightMetricsAppUITests.swift; sourceTree = "<group>"; };
		3B9EF9AA2E915C3C00728123 /* FlightMetricsAppUITestsLaunchTests.swift */ = {isa = PBXFileReference; lastKnownFileType = sourcecode.swift; path = FlightMetricsAppUITestsLaunchTests.swift; sourceTree = "<group>"; };
		3B9EF9BB2E9168CF00728123 /* FlightMetricsAppWatch Watch App.app */ = {isa = PBXFileReference; explicitFileType = wrapper.application; includeInIndex = 0; path = "FlightMetricsAppWatch Watch App.app"; sourceTree = BUILT_PRODUCTS_DIR; };
		3B9EF9BD2E9168D000728123 /* FlightMetricsAppWatchApp.swift */ = {isa = PBXFileReference; lastKnownFileType = sourcecode.swift; path = FlightMetricsAppWatchApp.swift; sourceTree = "<group>"; };
		3B9EF9BF2E9168D000728123 /* WatchContentView.swift */ = {isa = PBXFileReference; lastKnownFileType = sourcecode.swift; path = WatchContentView.swift; sourceTree = "<group>"; };
		3B9EF9C12E9168D300728123 /* Assets.xcassets */ = {isa = PBXFileReference; lastKnownFileType = folder.assetcatalog; path = Assets.xcassets; sourceTree = "<group>"; };
		3B9EF9C42E9168D300728123 /* Preview Assets.xcassets */ = {isa = PBXFileReference; lastKnownFileType = folder.assetcatalog; path = "Preview Assets.xcassets"; sourceTree = "<group>"; };
		3B9EF9CA2E9168D300728123 /* FlightMetricsAppWatch Watch AppTests.xctest */ = {isa = PBXFileReference; explicitFileType = wrapper.cfbundle; includeInIndex = 0; path = "FlightMetricsAppWatch Watch AppTests.xctest"; sourceTree = BUILT_PRODUCTS_DIR; };
		3B9EF9CE2E9168D300728123 /* FlightMetricsAppWatch_Watch_AppTests.swift */ = {isa = PBXFileReference; lastKnownFileType = sourcecode.swift; path = FlightMetricsAppWatch_Watch_AppTests.swift; sourceTree = "<group>"; };
		3B9EF9D42E9168D300728123 /* FlightMetricsAppWatch Watch AppUITests.xctest */ = {isa = PBXFileReference; explicitFileType = wrapper.cfbundle; includeInIndex = 0; path = "FlightMetricsAppWatch Watch AppUITests.xctest"; sourceTree = BUILT_PRODUCTS_DIR; };
		3B9EF9D82E9168D300728123 /* FlightMetricsAppWatch_Watch_AppUITests.swift */ = {isa = PBXFileReference; lastKnownFileType = sourcecode.swift; path = FlightMetricsAppWatch_Watch_AppUITests.swift; sourceTree = "<group>"; };
		3B9EF9DA2E9168D400728123 /* FlightMetricsAppWatch_Watch_AppUITestsLaunchTests.swift */ = {isa = PBXFileReference; lastKnownFileType = sourcecode.swift; path = FlightMetricsAppWatch_Watch_AppUITestsLaunchTests.swift; sourceTree = "<group>"; };
/* End PBXFileReference section */

/* Begin PBXFrameworksBuildPhase section */
		3B9EF9872E915C3900728123 /* Frameworks */ = {
			isa = PBXFrameworksBuildPhase;
			buildActionMask = 2147483647;
			files = (
			);
			runOnlyForDeploymentPostprocessing = 0;
		};
		3B9EF9972E915C3C00728123 /* Frameworks */ = {
			isa = PBXFrameworksBuildPhase;
			buildActionMask = 2147483647;
			files = (
			);
			runOnlyForDeploymentPostprocessing = 0;
		};
		3B9EF9A12E915C3C00728123 /* Frameworks */ = {
			isa = PBXFrameworksBuildPhase;
			buildActionMask = 2147483647;
			files = (
			);
			runOnlyForDeploymentPostprocessing = 0;
		};
		3B9EF9B82E9168CF00728123 /* Frameworks */ = {
			isa = PBXFrameworksBuildPhase;
			buildActionMask = 2147483647;
			files = (
			);
			runOnlyForDeploymentPostprocessing = 0;
		};
		3B9EF9C72E9168D300728123 /* Frameworks */ = {
			isa = PBXFrameworksBuildPhase;
			buildActionMask = 2147483647;
			files = (
			);
			runOnlyForDeploymentPostprocessing = 0;
		};
		3B9EF9D12E9168D300728123 /* Frameworks */ = {
			isa = PBXFrameworksBuildPhase;
			buildActionMask = 2147483647;
			files = (
			);
			runOnlyForDeploymentPostprocessing = 0;
		};
/* End PBXFrameworksBuildPhase section */

/* Begin PBXGroup section */
		2344FB9C2E9D52B300E010F9 /* App */ = {
			isa = PBXGroup;
			children = (
				3B9EF98D2E915C3900728123 /* FlightMetricsAppApp.swift */,
			);
			path = App;
			sourceTree = "<group>";
		};
		2344FB9D2E9D52D700E010F9 /* Views */ = {
			isa = PBXGroup;
			children = (
				23C28C992EB41C3B0094A20B /* Components */,
				3B9EF98F2E915C3900728123 /* PhoneContentView.swift */,
				234885F42EAE9ACA0028D73B /* HomeView.swift */,
				231BDA732EAFFBA1004912E9 /* FlightDetailView.swift */,
				2374E2B32EC246CA00EDD47A /* SettingsView.swift */,
			);
			path = Views;
			sourceTree = "<group>";
		};
		2344FB9E2E9D530000E010F9 /* Managers */ = {
			isa = PBXGroup;
			children = (
				2344FBA52E9D57D300E010F9 /* PhoneSession.swift */,
				236B289F2EAD499A008112BD /* PersistenceController.swift */,
				234885F22EAE98E60028D73B /* FlightSessionManager.swift */,
				23A927EB2EBAB60C0059E4DB /* FlightStatsManager.swift */,
			);
			path = Managers;
			sourceTree = "<group>";
		};
		2344FB9F2E9D531100E010F9 /* Models */ = {
			isa = PBXGroup;
			children = (
				236B28A12EAD4A13008112BD /* FlightRecord.swift */,
				234885F02EAE92790028D73B /* FlightSession.swift */,
			);
			path = Models;
			sourceTree = "<group>";
		};
		2344FBA12E9D532800E010F9 /* App */ = {
			isa = PBXGroup;
			children = (
				3B9EF9BD2E9168D000728123 /* FlightMetricsAppWatchApp.swift */,
			);
			path = App;
			sourceTree = "<group>";
		};
		2344FBA22E9D533900E010F9 /* Views */ = {
			isa = PBXGroup;
			children = (
				3B9EF9BF2E9168D000728123 /* WatchContentView.swift */,
			);
			path = Views;
			sourceTree = "<group>";
		};
		2344FBA32E9D534300E010F9 /* Managers */ = {
			isa = PBXGroup;
			children = (
				2344FBA72E9D586B00E010F9 /* WatchSession.swift */,
				2344FBA92E9D5BEB00E010F9 /* SensorManager.swift */,
			);
			path = Managers;
			sourceTree = "<group>";
		};
		2344FBA42E9D534E00E010F9 /* SharedModels */ = {
			isa = PBXGroup;
			children = (
				2344FBAB2E9D5C0B00E010F9 /* FlightData.swift */,
			);
			path = SharedModels;
			sourceTree = "<group>";
		};
		23C28C992EB41C3B0094A20B /* Components */ = {
			isa = PBXGroup;
			children = (
				23C28C9A2EB41C5B0094A20B /* FlightMapView.swift */,
				23304D692EBF7B8B006FD28A /* FlightChartCardView.swift */,
				23BE945C2EB9551100D574FA /* FlightChartsView.swift */,
				23304D6D2EBF9722006FD28A /* FlightHeartRateView.swift */,
				23304D6B2EBF7C74006FD28A /* FlightGForceView.swift */,
				2374E2B12EC2302800EDD47A /* FlightGyroscopeView.swift */,
			);
			path = Components;
			sourceTree = "<group>";
		};
		3B9EF9812E915C3900728123 = {
			isa = PBXGroup;
			children = (
				3B9EF98C2E915C3900728123 /* FlightMetricsApp */,
				3B9EF99D2E915C3C00728123 /* FlightMetricsAppTests */,
				3B9EF9A72E915C3C00728123 /* FlightMetricsAppUITests */,
				3B9EF9BC2E9168D000728123 /* FlightMetricsAppWatch Watch App */,
				3B9EF9CD2E9168D300728123 /* FlightMetricsAppWatch Watch AppTests */,
				3B9EF9D72E9168D300728123 /* FlightMetricsAppWatch Watch AppUITests */,
				3B9EF98B2E915C3900728123 /* Products */,
			);
			sourceTree = "<group>";
		};
		3B9EF98B2E915C3900728123 /* Products */ = {
			isa = PBXGroup;
			children = (
				3B9EF98A2E915C3900728123 /* FlightMetricsApp.app */,
				3B9EF99A2E915C3C00728123 /* FlightMetricsAppTests.xctest */,
				3B9EF9A42E915C3C00728123 /* FlightMetricsAppUITests.xctest */,
				3B9EF9BB2E9168CF00728123 /* FlightMetricsAppWatch Watch App.app */,
				3B9EF9CA2E9168D300728123 /* FlightMetricsAppWatch Watch AppTests.xctest */,
				3B9EF9D42E9168D300728123 /* FlightMetricsAppWatch Watch AppUITests.xctest */,
			);
			name = Products;
			sourceTree = "<group>";
		};
		3B9EF98C2E915C3900728123 /* FlightMetricsApp */ = {
			isa = PBXGroup;
			children = (
				23533A942EA95D9700D155EC /* FlightMetricsApp.entitlements */,
				2344FB9F2E9D531100E010F9 /* Models */,
				2344FB9E2E9D530000E010F9 /* Managers */,
				2344FB9C2E9D52B300E010F9 /* App */,
				2344FB9D2E9D52D700E010F9 /* Views */,
				3B9EF9912E915C3C00728123 /* Assets.xcassets */,
				3B9EF9932E915C3C00728123 /* Preview Content */,
				236B28A32EAD57EB008112BD /* FlightMetricsApp.xcdatamodeld */,
			);
			path = FlightMetricsApp;
			sourceTree = "<group>";
		};
		3B9EF9932E915C3C00728123 /* Preview Content */ = {
			isa = PBXGroup;
			children = (
				3B9EF9942E915C3C00728123 /* Preview Assets.xcassets */,
			);
			path = "Preview Content";
			sourceTree = "<group>";
		};
		3B9EF99D2E915C3C00728123 /* FlightMetricsAppTests */ = {
			isa = PBXGroup;
			children = (
				3B9EF99E2E915C3C00728123 /* FlightMetricsAppTests.swift */,
			);
			path = FlightMetricsAppTests;
			sourceTree = "<group>";
		};
		3B9EF9A72E915C3C00728123 /* FlightMetricsAppUITests */ = {
			isa = PBXGroup;
			children = (
				3B9EF9A82E915C3C00728123 /* FlightMetricsAppUITests.swift */,
				3B9EF9AA2E915C3C00728123 /* FlightMetricsAppUITestsLaunchTests.swift */,
			);
			path = FlightMetricsAppUITests;
			sourceTree = "<group>";
		};
		3B9EF9BC2E9168D000728123 /* FlightMetricsAppWatch Watch App */ = {
			isa = PBXGroup;
			children = (
				23533A952EA95E7900D155EC /* FlightMetricsAppWatch Watch App.entitlements */,
				2344FBA12E9D532800E010F9 /* App */,
				2344FBA42E9D534E00E010F9 /* SharedModels */,
				2344FBA32E9D534300E010F9 /* Managers */,
				2344FBA22E9D533900E010F9 /* Views */,
				3B9EF9C12E9168D300728123 /* Assets.xcassets */,
				3B9EF9C32E9168D300728123 /* Preview Content */,
			);
			path = "FlightMetricsAppWatch Watch App";
			sourceTree = "<group>";
		};
		3B9EF9C32E9168D300728123 /* Preview Content */ = {
			isa = PBXGroup;
			children = (
				3B9EF9C42E9168D300728123 /* Preview Assets.xcassets */,
			);
			path = "Preview Content";
			sourceTree = "<group>";
		};
		3B9EF9CD2E9168D300728123 /* FlightMetricsAppWatch Watch AppTests */ = {
			isa = PBXGroup;
			children = (
				3B9EF9CE2E9168D300728123 /* FlightMetricsAppWatch_Watch_AppTests.swift */,
			);
			path = "FlightMetricsAppWatch Watch AppTests";
			sourceTree = "<group>";
		};
		3B9EF9D72E9168D300728123 /* FlightMetricsAppWatch Watch AppUITests */ = {
			isa = PBXGroup;
			children = (
				3B9EF9D82E9168D300728123 /* FlightMetricsAppWatch_Watch_AppUITests.swift */,
				3B9EF9DA2E9168D400728123 /* FlightMetricsAppWatch_Watch_AppUITestsLaunchTests.swift */,
			);
			path = "FlightMetricsAppWatch Watch AppUITests";
			sourceTree = "<group>";
		};
/* End PBXGroup section */

/* Begin PBXNativeTarget section */
		3B9EF9892E915C3900728123 /* FlightMetricsApp */ = {
			isa = PBXNativeTarget;
			buildConfigurationList = 3B9EF9AE2E915C3C00728123 /* Build configuration list for PBXNativeTarget "FlightMetricsApp" */;
			buildPhases = (
				3B9EF9862E915C3900728123 /* Sources */,
				3B9EF9872E915C3900728123 /* Frameworks */,
				3B9EF9882E915C3900728123 /* Resources */,
				3B9EF9E22E9168D400728123 /* Embed Watch Content */,
			);
			buildRules = (
			);
			dependencies = (
				3B9EF9DD2E9168D400728123 /* PBXTargetDependency */,
			);
			name = FlightMetricsApp;
			productName = FlightMetricsApp;
			productReference = 3B9EF98A2E915C3900728123 /* FlightMetricsApp.app */;
			productType = "com.apple.product-type.application";
		};
		3B9EF9992E915C3C00728123 /* FlightMetricsAppTests */ = {
			isa = PBXNativeTarget;
			buildConfigurationList = 3B9EF9B12E915C3C00728123 /* Build configuration list for PBXNativeTarget "FlightMetricsAppTests" */;
			buildPhases = (
				3B9EF9962E915C3C00728123 /* Sources */,
				3B9EF9972E915C3C00728123 /* Frameworks */,
				3B9EF9982E915C3C00728123 /* Resources */,
			);
			buildRules = (
			);
			dependencies = (
				3B9EF99C2E915C3C00728123 /* PBXTargetDependency */,
			);
			name = FlightMetricsAppTests;
			productName = FlightMetricsAppTests;
			productReference = 3B9EF99A2E915C3C00728123 /* FlightMetricsAppTests.xctest */;
			productType = "com.apple.product-type.bundle.unit-test";
		};
		3B9EF9A32E915C3C00728123 /* FlightMetricsAppUITests */ = {
			isa = PBXNativeTarget;
			buildConfigurationList = 3B9EF9B42E915C3C00728123 /* Build configuration list for PBXNativeTarget "FlightMetricsAppUITests" */;
			buildPhases = (
				3B9EF9A02E915C3C00728123 /* Sources */,
				3B9EF9A12E915C3C00728123 /* Frameworks */,
				3B9EF9A22E915C3C00728123 /* Resources */,
			);
			buildRules = (
			);
			dependencies = (
				3B9EF9A62E915C3C00728123 /* PBXTargetDependency */,
			);
			name = FlightMetricsAppUITests;
			productName = FlightMetricsAppUITests;
			productReference = 3B9EF9A42E915C3C00728123 /* FlightMetricsAppUITests.xctest */;
			productType = "com.apple.product-type.bundle.ui-testing";
		};
		3B9EF9BA2E9168CF00728123 /* FlightMetricsAppWatch Watch App */ = {
			isa = PBXNativeTarget;
			buildConfigurationList = 3B9EF9DF2E9168D400728123 /* Build configuration list for PBXNativeTarget "FlightMetricsAppWatch Watch App" */;
			buildPhases = (
				3B9EF9B72E9168CF00728123 /* Sources */,
				3B9EF9B82E9168CF00728123 /* Frameworks */,
				3B9EF9B92E9168CF00728123 /* Resources */,
			);
			buildRules = (
			);
			dependencies = (
			);
			name = "FlightMetricsAppWatch Watch App";
			productName = "FlightMetricsAppWatch Watch App";
			productReference = 3B9EF9BB2E9168CF00728123 /* FlightMetricsAppWatch Watch App.app */;
			productType = "com.apple.product-type.application";
		};
		3B9EF9C92E9168D300728123 /* FlightMetricsAppWatch Watch AppTests */ = {
			isa = PBXNativeTarget;
			buildConfigurationList = 3B9EF9E32E9168D400728123 /* Build configuration list for PBXNativeTarget "FlightMetricsAppWatch Watch AppTests" */;
			buildPhases = (
				3B9EF9C62E9168D300728123 /* Sources */,
				3B9EF9C72E9168D300728123 /* Frameworks */,
				3B9EF9C82E9168D300728123 /* Resources */,
			);
			buildRules = (
			);
			dependencies = (
				3B9EF9CC2E9168D300728123 /* PBXTargetDependency */,
			);
			name = "FlightMetricsAppWatch Watch AppTests";
			productName = "FlightMetricsAppWatch Watch AppTests";
			productReference = 3B9EF9CA2E9168D300728123 /* FlightMetricsAppWatch Watch AppTests.xctest */;
			productType = "com.apple.product-type.bundle.unit-test";
		};
		3B9EF9D32E9168D300728123 /* FlightMetricsAppWatch Watch AppUITests */ = {
			isa = PBXNativeTarget;
			buildConfigurationList = 3B9EF9E62E9168D400728123 /* Build configuration list for PBXNativeTarget "FlightMetricsAppWatch Watch AppUITests" */;
			buildPhases = (
				3B9EF9D02E9168D300728123 /* Sources */,
				3B9EF9D12E9168D300728123 /* Frameworks */,
				3B9EF9D22E9168D300728123 /* Resources */,
			);
			buildRules = (
			);
			dependencies = (
				3B9EF9D62E9168D300728123 /* PBXTargetDependency */,
			);
			name = "FlightMetricsAppWatch Watch AppUITests";
			productName = "FlightMetricsAppWatch Watch AppUITests";
			productReference = 3B9EF9D42E9168D300728123 /* FlightMetricsAppWatch Watch AppUITests.xctest */;
			productType = "com.apple.product-type.bundle.ui-testing";
		};
/* End PBXNativeTarget section */

/* Begin PBXProject section */
		3B9EF9822E915C3900728123 /* Project object */ = {
			isa = PBXProject;
			attributes = {
				BuildIndependentTargetsInParallel = 1;
				LastSwiftUpdateCheck = 1540;
				LastUpgradeCheck = 1540;
				TargetAttributes = {
					3B9EF9892E915C3900728123 = {
						CreatedOnToolsVersion = 15.4;
					};
					3B9EF9992E915C3C00728123 = {
						CreatedOnToolsVersion = 15.4;
						TestTargetID = 3B9EF9892E915C3900728123;
					};
					3B9EF9A32E915C3C00728123 = {
						CreatedOnToolsVersion = 15.4;
						TestTargetID = 3B9EF9892E915C3900728123;
					};
					3B9EF9BA2E9168CF00728123 = {
						CreatedOnToolsVersion = 15.4;
					};
					3B9EF9C92E9168D300728123 = {
						CreatedOnToolsVersion = 15.4;
						TestTargetID = 3B9EF9BA2E9168CF00728123;
					};
					3B9EF9D32E9168D300728123 = {
						CreatedOnToolsVersion = 15.4;
						TestTargetID = 3B9EF9BA2E9168CF00728123;
					};
				};
			};
			buildConfigurationList = 3B9EF9852E915C3900728123 /* Build configuration list for PBXProject "FlightMetricsApp" */;
			compatibilityVersion = "Xcode 14.0";
			developmentRegion = en;
			hasScannedForEncodings = 0;
			knownRegions = (
				en,
				Base,
			);
			mainGroup = 3B9EF9812E915C3900728123;
			productRefGroup = 3B9EF98B2E915C3900728123 /* Products */;
			projectDirPath = "";
			projectRoot = "";
			targets = (
				3B9EF9892E915C3900728123 /* FlightMetricsApp */,
				3B9EF9992E915C3C00728123 /* FlightMetricsAppTests */,
				3B9EF9A32E915C3C00728123 /* FlightMetricsAppUITests */,
				3B9EF9BA2E9168CF00728123 /* FlightMetricsAppWatch Watch App */,
				3B9EF9C92E9168D300728123 /* FlightMetricsAppWatch Watch AppTests */,
				3B9EF9D32E9168D300728123 /* FlightMetricsAppWatch Watch AppUITests */,
			);
		};
/* End PBXProject section */

/* Begin PBXResourcesBuildPhase section */
		3B9EF9882E915C3900728123 /* Resources */ = {
			isa = PBXResourcesBuildPhase;
			buildActionMask = 2147483647;
			files = (
				3B9EF9952E915C3C00728123 /* Preview Assets.xcassets in Resources */,
				3B9EF9922E915C3C00728123 /* Assets.xcassets in Resources */,
			);
			runOnlyForDeploymentPostprocessing = 0;
		};
		3B9EF9982E915C3C00728123 /* Resources */ = {
			isa = PBXResourcesBuildPhase;
			buildActionMask = 2147483647;
			files = (
			);
			runOnlyForDeploymentPostprocessing = 0;
		};
		3B9EF9A22E915C3C00728123 /* Resources */ = {
			isa = PBXResourcesBuildPhase;
			buildActionMask = 2147483647;
			files = (
			);
			runOnlyForDeploymentPostprocessing = 0;
		};
		3B9EF9B92E9168CF00728123 /* Resources */ = {
			isa = PBXResourcesBuildPhase;
			buildActionMask = 2147483647;
			files = (
				3B9EF9C52E9168D300728123 /* Preview Assets.xcassets in Resources */,
				3B9EF9C22E9168D300728123 /* Assets.xcassets in Resources */,
			);
			runOnlyForDeploymentPostprocessing = 0;
		};
		3B9EF9C82E9168D300728123 /* Resources */ = {
			isa = PBXResourcesBuildPhase;
			buildActionMask = 2147483647;
			files = (
			);
			runOnlyForDeploymentPostprocessing = 0;
		};
		3B9EF9D22E9168D300728123 /* Resources */ = {
			isa = PBXResourcesBuildPhase;
			buildActionMask = 2147483647;
			files = (
			);
			runOnlyForDeploymentPostprocessing = 0;
		};
/* End PBXResourcesBuildPhase section */

/* Begin PBXSourcesBuildPhase section */
		3B9EF9862E915C3900728123 /* Sources */ = {
			isa = PBXSourcesBuildPhase;
			buildActionMask = 2147483647;
			files = (
				23304D6C2EBF7C74006FD28A /* FlightGForceView.swift in Sources */,
				234885F12EAE92790028D73B /* FlightSession.swift in Sources */,
				23BE945D2EB9551100D574FA /* FlightChartsView.swift in Sources */,
				23C28C9B2EB41C5B0094A20B /* FlightMapView.swift in Sources */,
				236B28A52EAD57EB008112BD /* FlightMetricsApp.xcdatamodeld in Sources */,
				3B9EF9902E915C3900728123 /* PhoneContentView.swift in Sources */,
				231BDA742EAFFBA1004912E9 /* FlightDetailView.swift in Sources */,
				23304D6A2EBF7B8B006FD28A /* FlightChartCardView.swift in Sources */,
				234885F52EAE9ACA0028D73B /* HomeView.swift in Sources */,
				3B9EF98E2E915C3900728123 /* FlightMetricsAppApp.swift in Sources */,
				23304D6E2EBF9722006FD28A /* FlightHeartRateView.swift in Sources */,
				2344FBA62E9D57D300E010F9 /* PhoneSession.swift in Sources */,
				234885F32EAE98E60028D73B /* FlightSessionManager.swift in Sources */,
				236C2F2B2EAAB6B40034CA01 /* FlightData.swift in Sources */,
				236B28A22EAD4A13008112BD /* FlightRecord.swift in Sources */,
				236B28A02EAD499A008112BD /* PersistenceController.swift in Sources */,
				2374E2B22EC2302800EDD47A /* FlightGyroscopeView.swift in Sources */,
				23A927EC2EBAB60C0059E4DB /* FlightStatsManager.swift in Sources */,
				2374E2B42EC246CA00EDD47A /* SettingsView.swift in Sources */,
			);
			runOnlyForDeploymentPostprocessing = 0;
		};
		3B9EF9962E915C3C00728123 /* Sources */ = {
			isa = PBXSourcesBuildPhase;
			buildActionMask = 2147483647;
			files = (
				3B9EF99F2E915C3C00728123 /* FlightMetricsAppTests.swift in Sources */,
			);
			runOnlyForDeploymentPostprocessing = 0;
		};
		3B9EF9A02E915C3C00728123 /* Sources */ = {
			isa = PBXSourcesBuildPhase;
			buildActionMask = 2147483647;
			files = (
				3B9EF9AB2E915C3C00728123 /* FlightMetricsAppUITestsLaunchTests.swift in Sources */,
				3B9EF9A92E915C3C00728123 /* FlightMetricsAppUITests.swift in Sources */,
			);
			runOnlyForDeploymentPostprocessing = 0;
		};
		3B9EF9B72E9168CF00728123 /* Sources */ = {
			isa = PBXSourcesBuildPhase;
			buildActionMask = 2147483647;
			files = (
				3B9EF9C02E9168D000728123 /* WatchContentView.swift in Sources */,
				2344FBAC2E9D5C0B00E010F9 /* FlightData.swift in Sources */,
				3B9EF9BE2E9168D000728123 /* FlightMetricsAppWatchApp.swift in Sources */,
				2344FBA82E9D586B00E010F9 /* WatchSession.swift in Sources */,
				2344FBAA2E9D5BEB00E010F9 /* SensorManager.swift in Sources */,
			);
			runOnlyForDeploymentPostprocessing = 0;
		};
		3B9EF9C62E9168D300728123 /* Sources */ = {
			isa = PBXSourcesBuildPhase;
			buildActionMask = 2147483647;
			files = (
				3B9EF9CF2E9168D300728123 /* FlightMetricsAppWatch_Watch_AppTests.swift in Sources */,
			);
			runOnlyForDeploymentPostprocessing = 0;
		};
		3B9EF9D02E9168D300728123 /* Sources */ = {
			isa = PBXSourcesBuildPhase;
			buildActionMask = 2147483647;
			files = (
				3B9EF9DB2E9168D400728123 /* FlightMetricsAppWatch_Watch_AppUITestsLaunchTests.swift in Sources */,
				3B9EF9D92E9168D300728123 /* FlightMetricsAppWatch_Watch_AppUITests.swift in Sources */,
			);
			runOnlyForDeploymentPostprocessing = 0;
		};
/* End PBXSourcesBuildPhase section */

/* Begin PBXTargetDependency section */
		3B9EF99C2E915C3C00728123 /* PBXTargetDependency */ = {
			isa = PBXTargetDependency;
			target = 3B9EF9892E915C3900728123 /* FlightMetricsApp */;
			targetProxy = 3B9EF99B2E915C3C00728123 /* PBXContainerItemProxy */;
		};
		3B9EF9A62E915C3C00728123 /* PBXTargetDependency */ = {
			isa = PBXTargetDependency;
			target = 3B9EF9892E915C3900728123 /* FlightMetricsApp */;
			targetProxy = 3B9EF9A52E915C3C00728123 /* PBXContainerItemProxy */;
		};
		3B9EF9CC2E9168D300728123 /* PBXTargetDependency */ = {
			isa = PBXTargetDependency;
			target = 3B9EF9BA2E9168CF00728123 /* FlightMetricsAppWatch Watch App */;
			targetProxy = 3B9EF9CB2E9168D300728123 /* PBXContainerItemProxy */;
		};
		3B9EF9D62E9168D300728123 /* PBXTargetDependency */ = {
			isa = PBXTargetDependency;
			target = 3B9EF9BA2E9168CF00728123 /* FlightMetricsAppWatch Watch App */;
			targetProxy = 3B9EF9D52E9168D300728123 /* PBXContainerItemProxy */;
		};
		3B9EF9DD2E9168D400728123 /* PBXTargetDependency */ = {
			isa = PBXTargetDependency;
			target = 3B9EF9BA2E9168CF00728123 /* FlightMetricsAppWatch Watch App */;
			targetProxy = 3B9EF9DC2E9168D400728123 /* PBXContainerItemProxy */;
		};
/* End PBXTargetDependency section */

/* Begin XCBuildConfiguration section */
		3B9EF9AC2E915C3C00728123 /* Debug */ = {
			isa = XCBuildConfiguration;
			buildSettings = {
				ALWAYS_SEARCH_USER_PATHS = NO;
				ASSETCATALOG_COMPILER_GENERATE_SWIFT_ASSET_SYMBOL_EXTENSIONS = YES;
				CLANG_ANALYZER_NONNULL = YES;
				CLANG_ANALYZER_NUMBER_OBJECT_CONVERSION = YES_AGGRESSIVE;
				CLANG_CXX_LANGUAGE_STANDARD = "gnu++20";
				CLANG_ENABLE_MODULES = YES;
				CLANG_ENABLE_OBJC_ARC = YES;
				CLANG_ENABLE_OBJC_WEAK = YES;
				CLANG_WARN_BLOCK_CAPTURE_AUTORELEASING = YES;
				CLANG_WARN_BOOL_CONVERSION = YES;
				CLANG_WARN_COMMA = YES;
				CLANG_WARN_CONSTANT_CONVERSION = YES;
				CLANG_WARN_DEPRECATED_OBJC_IMPLEMENTATIONS = YES;
				CLANG_WARN_DIRECT_OBJC_ISA_USAGE = YES_ERROR;
				CLANG_WARN_DOCUMENTATION_COMMENTS = YES;
				CLANG_WARN_EMPTY_BODY = YES;
				CLANG_WARN_ENUM_CONVERSION = YES;
				CLANG_WARN_INFINITE_RECURSION = YES;
				CLANG_WARN_INT_CONVERSION = YES;
				CLANG_WARN_NON_LITERAL_NULL_CONVERSION = YES;
				CLANG_WARN_OBJC_IMPLICIT_RETAIN_SELF = YES;
				CLANG_WARN_OBJC_LITERAL_CONVERSION = YES;
				CLANG_WARN_OBJC_ROOT_CLASS = YES_ERROR;
				CLANG_WARN_QUOTED_INCLUDE_IN_FRAMEWORK_HEADER = YES;
				CLANG_WARN_RANGE_LOOP_ANALYSIS = YES;
				CLANG_WARN_STRICT_PROTOTYPES = YES;
				CLANG_WARN_SUSPICIOUS_MOVE = YES;
				CLANG_WARN_UNGUARDED_AVAILABILITY = YES_AGGRESSIVE;
				CLANG_WARN_UNREACHABLE_CODE = YES;
				CLANG_WARN__DUPLICATE_METHOD_MATCH = YES;
				COPY_PHASE_STRIP = NO;
				DEBUG_INFORMATION_FORMAT = dwarf;
				ENABLE_STRICT_OBJC_MSGSEND = YES;
				ENABLE_TESTABILITY = YES;
				ENABLE_USER_SCRIPT_SANDBOXING = YES;
				GCC_C_LANGUAGE_STANDARD = gnu17;
				GCC_DYNAMIC_NO_PIC = NO;
				GCC_NO_COMMON_BLOCKS = YES;
				GCC_OPTIMIZATION_LEVEL = 0;
				GCC_PREPROCESSOR_DEFINITIONS = (
					"DEBUG=1",
					"$(inherited)",
				);
				GCC_WARN_64_TO_32_BIT_CONVERSION = YES;
				GCC_WARN_ABOUT_RETURN_TYPE = YES_ERROR;
				GCC_WARN_UNDECLARED_SELECTOR = YES;
				GCC_WARN_UNINITIALIZED_AUTOS = YES_AGGRESSIVE;
				GCC_WARN_UNUSED_FUNCTION = YES;
				GCC_WARN_UNUSED_VARIABLE = YES;
				IPHONEOS_DEPLOYMENT_TARGET = 17.5;
				LOCALIZATION_PREFERS_STRING_CATALOGS = YES;
				MTL_ENABLE_DEBUG_INFO = INCLUDE_SOURCE;
				MTL_FAST_MATH = YES;
				ONLY_ACTIVE_ARCH = YES;
				SDKROOT = iphoneos;
				SWIFT_ACTIVE_COMPILATION_CONDITIONS = "DEBUG $(inherited)";
				SWIFT_OPTIMIZATION_LEVEL = "-Onone";
			};
			name = Debug;
		};
		3B9EF9AD2E915C3C00728123 /* Release */ = {
			isa = XCBuildConfiguration;
			buildSettings = {
				ALWAYS_SEARCH_USER_PATHS = NO;
				ASSETCATALOG_COMPILER_GENERATE_SWIFT_ASSET_SYMBOL_EXTENSIONS = YES;
				CLANG_ANALYZER_NONNULL = YES;
				CLANG_ANALYZER_NUMBER_OBJECT_CONVERSION = YES_AGGRESSIVE;
				CLANG_CXX_LANGUAGE_STANDARD = "gnu++20";
				CLANG_ENABLE_MODULES = YES;
				CLANG_ENABLE_OBJC_ARC = YES;
				CLANG_ENABLE_OBJC_WEAK = YES;
				CLANG_WARN_BLOCK_CAPTURE_AUTORELEASING = YES;
				CLANG_WARN_BOOL_CONVERSION = YES;
				CLANG_WARN_COMMA = YES;
				CLANG_WARN_CONSTANT_CONVERSION = YES;
				CLANG_WARN_DEPRECATED_OBJC_IMPLEMENTATIONS = YES;
				CLANG_WARN_DIRECT_OBJC_ISA_USAGE = YES_ERROR;
				CLANG_WARN_DOCUMENTATION_COMMENTS = YES;
				CLANG_WARN_EMPTY_BODY = YES;
				CLANG_WARN_ENUM_CONVERSION = YES;
				CLANG_WARN_INFINITE_RECURSION = YES;
				CLANG_WARN_INT_CONVERSION = YES;
				CLANG_WARN_NON_LITERAL_NULL_CONVERSION = YES;
				CLANG_WARN_OBJC_IMPLICIT_RETAIN_SELF = YES;
				CLANG_WARN_OBJC_LITERAL_CONVERSION = YES;
				CLANG_WARN_OBJC_ROOT_CLASS = YES_ERROR;
				CLANG_WARN_QUOTED_INCLUDE_IN_FRAMEWORK_HEADER = YES;
				CLANG_WARN_RANGE_LOOP_ANALYSIS = YES;
				CLANG_WARN_STRICT_PROTOTYPES = YES;
				CLANG_WARN_SUSPICIOUS_MOVE = YES;
				CLANG_WARN_UNGUARDED_AVAILABILITY = YES_AGGRESSIVE;
				CLANG_WARN_UNREACHABLE_CODE = YES;
				CLANG_WARN__DUPLICATE_METHOD_MATCH = YES;
				COPY_PHASE_STRIP = NO;
				DEBUG_INFORMATION_FORMAT = "dwarf-with-dsym";
				ENABLE_NS_ASSERTIONS = NO;
				ENABLE_STRICT_OBJC_MSGSEND = YES;
				ENABLE_USER_SCRIPT_SANDBOXING = YES;
				GCC_C_LANGUAGE_STANDARD = gnu17;
				GCC_NO_COMMON_BLOCKS = YES;
				GCC_WARN_64_TO_32_BIT_CONVERSION = YES;
				GCC_WARN_ABOUT_RETURN_TYPE = YES_ERROR;
				GCC_WARN_UNDECLARED_SELECTOR = YES;
				GCC_WARN_UNINITIALIZED_AUTOS = YES_AGGRESSIVE;
				GCC_WARN_UNUSED_FUNCTION = YES;
				GCC_WARN_UNUSED_VARIABLE = YES;
				IPHONEOS_DEPLOYMENT_TARGET = 17.5;
				LOCALIZATION_PREFERS_STRING_CATALOGS = YES;
				MTL_ENABLE_DEBUG_INFO = NO;
				MTL_FAST_MATH = YES;
				SDKROOT = iphoneos;
				SWIFT_COMPILATION_MODE = wholemodule;
				VALIDATE_PRODUCT = YES;
			};
			name = Release;
		};
		3B9EF9AF2E915C3C00728123 /* Debug */ = {
			isa = XCBuildConfiguration;
			buildSettings = {
				ALWAYS_EMBED_SWIFT_STANDARD_LIBRARIES = YES;
				ASSETCATALOG_COMPILER_APPICON_NAME = AppIcon;
				ASSETCATALOG_COMPILER_GLOBAL_ACCENT_COLOR_NAME = AccentColor;
				CODE_SIGN_ENTITLEMENTS = FlightMetricsApp/FlightMetricsApp.entitlements;
				CODE_SIGN_STYLE = Manual;
				CURRENT_PROJECT_VERSION = 1;
				DEVELOPMENT_ASSET_PATHS = "\"FlightMetricsApp/Preview Content\"";
				DEVELOPMENT_TEAM = "";
				ENABLE_PREVIEWS = YES;
				GENERATE_INFOPLIST_FILE = YES;
				INFOPLIST_KEY_UIApplicationSceneManifest_Generation = YES;
				INFOPLIST_KEY_UIApplicationSupportsIndirectInputEvents = YES;
				INFOPLIST_KEY_UILaunchScreen_Generation = YES;
				INFOPLIST_KEY_UISupportedInterfaceOrientations_iPad = "UIInterfaceOrientationPortrait UIInterfaceOrientationPortraitUpsideDown UIInterfaceOrientationLandscapeLeft UIInterfaceOrientationLandscapeRight";
				INFOPLIST_KEY_UISupportedInterfaceOrientations_iPhone = "UIInterfaceOrientationPortrait UIInterfaceOrientationLandscapeLeft UIInterfaceOrientationLandscapeRight";
				LD_RUNPATH_SEARCH_PATHS = (
					"$(inherited)",
					"@executable_path/Frameworks",
				);
				MARKETING_VERSION = 1.0;
				PRODUCT_BUNDLE_IDENTIFIER = kacpergwiazda.FlightMetricsApp;
				PRODUCT_NAME = "$(TARGET_NAME)";
				PROVISIONING_PROFILE_SPECIFIER = "";
				SWIFT_EMIT_LOC_STRINGS = YES;
				SWIFT_VERSION = 5.0;
				TARGETED_DEVICE_FAMILY = "1,2";
			};
			name = Debug;
		};
		3B9EF9B02E915C3C00728123 /* Release */ = {
			isa = XCBuildConfiguration;
			buildSettings = {
				ALWAYS_EMBED_SWIFT_STANDARD_LIBRARIES = YES;
				ASSETCATALOG_COMPILER_APPICON_NAME = AppIcon;
				ASSETCATALOG_COMPILER_GLOBAL_ACCENT_COLOR_NAME = AccentColor;
				CODE_SIGN_ENTITLEMENTS = FlightMetricsApp/FlightMetricsApp.entitlements;
				CODE_SIGN_STYLE = Manual;
				CURRENT_PROJECT_VERSION = 1;
				DEVELOPMENT_ASSET_PATHS = "\"FlightMetricsApp/Preview Content\"";
				DEVELOPMENT_TEAM = "";
				ENABLE_PREVIEWS = YES;
				GENERATE_INFOPLIST_FILE = YES;
				INFOPLIST_KEY_UIApplicationSceneManifest_Generation = YES;
				INFOPLIST_KEY_UIApplicationSupportsIndirectInputEvents = YES;
				INFOPLIST_KEY_UILaunchScreen_Generation = YES;
				INFOPLIST_KEY_UISupportedInterfaceOrientations_iPad = "UIInterfaceOrientationPortrait UIInterfaceOrientationPortraitUpsideDown UIInterfaceOrientationLandscapeLeft UIInterfaceOrientationLandscapeRight";
				INFOPLIST_KEY_UISupportedInterfaceOrientations_iPhone = "UIInterfaceOrientationPortrait UIInterfaceOrientationLandscapeLeft UIInterfaceOrientationLandscapeRight";
				LD_RUNPATH_SEARCH_PATHS = (
					"$(inherited)",
					"@executable_path/Frameworks",
				);
				MARKETING_VERSION = 1.0;
				PRODUCT_BUNDLE_IDENTIFIER = kacpergwiazda.FlightMetricsApp;
				PRODUCT_NAME = "$(TARGET_NAME)";
				PROVISIONING_PROFILE_SPECIFIER = "";
				SWIFT_EMIT_LOC_STRINGS = YES;
				SWIFT_VERSION = 5.0;
				TARGETED_DEVICE_FAMILY = "1,2";
			};
			name = Release;
		};
		3B9EF9B22E915C3C00728123 /* Debug */ = {
			isa = XCBuildConfiguration;
			buildSettings = {
				ALWAYS_EMBED_SWIFT_STANDARD_LIBRARIES = YES;
				BUNDLE_LOADER = "$(TEST_HOST)";
				CODE_SIGN_STYLE = Automatic;
				CURRENT_PROJECT_VERSION = 1;
				GENERATE_INFOPLIST_FILE = YES;
				IPHONEOS_DEPLOYMENT_TARGET = 17.5;
				MARKETING_VERSION = 1.0;
				PRODUCT_BUNDLE_IDENTIFIER = kacpergwiazda.FlightMetricsAppTests;
				PRODUCT_NAME = "$(TARGET_NAME)";
				SWIFT_EMIT_LOC_STRINGS = NO;
				SWIFT_VERSION = 5.0;
				TARGETED_DEVICE_FAMILY = "1,2";
				TEST_HOST = "$(BUILT_PRODUCTS_DIR)/FlightMetricsApp.app/$(BUNDLE_EXECUTABLE_FOLDER_PATH)/FlightMetricsApp";
			};
			name = Debug;
		};
		3B9EF9B32E915C3C00728123 /* Release */ = {
			isa = XCBuildConfiguration;
			buildSettings = {
				ALWAYS_EMBED_SWIFT_STANDARD_LIBRARIES = YES;
				BUNDLE_LOADER = "$(TEST_HOST)";
				CODE_SIGN_STYLE = Automatic;
				CURRENT_PROJECT_VERSION = 1;
				GENERATE_INFOPLIST_FILE = YES;
				IPHONEOS_DEPLOYMENT_TARGET = 17.5;
				MARKETING_VERSION = 1.0;
				PRODUCT_BUNDLE_IDENTIFIER = kacpergwiazda.FlightMetricsAppTests;
				PRODUCT_NAME = "$(TARGET_NAME)";
				SWIFT_EMIT_LOC_STRINGS = NO;
				SWIFT_VERSION = 5.0;
				TARGETED_DEVICE_FAMILY = "1,2";
				TEST_HOST = "$(BUILT_PRODUCTS_DIR)/FlightMetricsApp.app/$(BUNDLE_EXECUTABLE_FOLDER_PATH)/FlightMetricsApp";
			};
			name = Release;
		};
		3B9EF9B52E915C3C00728123 /* Debug */ = {
			isa = XCBuildConfiguration;
			buildSettings = {
				ALWAYS_EMBED_SWIFT_STANDARD_LIBRARIES = YES;
				CODE_SIGN_STYLE = Automatic;
				CURRENT_PROJECT_VERSION = 1;
				GENERATE_INFOPLIST_FILE = YES;
				MARKETING_VERSION = 1.0;
				PRODUCT_BUNDLE_IDENTIFIER = kacpergwiazda.FlightMetricsAppUITests;
				PRODUCT_NAME = "$(TARGET_NAME)";
				SWIFT_EMIT_LOC_STRINGS = NO;
				SWIFT_VERSION = 5.0;
				TARGETED_DEVICE_FAMILY = "1,2";
				TEST_TARGET_NAME = FlightMetricsApp;
			};
			name = Debug;
		};
		3B9EF9B62E915C3C00728123 /* Release */ = {
			isa = XCBuildConfiguration;
			buildSettings = {
				ALWAYS_EMBED_SWIFT_STANDARD_LIBRARIES = YES;
				CODE_SIGN_STYLE = Automatic;
				CURRENT_PROJECT_VERSION = 1;
				GENERATE_INFOPLIST_FILE = YES;
				MARKETING_VERSION = 1.0;
				PRODUCT_BUNDLE_IDENTIFIER = kacpergwiazda.FlightMetricsAppUITests;
				PRODUCT_NAME = "$(TARGET_NAME)";
				SWIFT_EMIT_LOC_STRINGS = NO;
				SWIFT_VERSION = 5.0;
				TARGETED_DEVICE_FAMILY = "1,2";
				TEST_TARGET_NAME = FlightMetricsApp;
			};
			name = Release;
		};
		3B9EF9E02E9168D400728123 /* Debug */ = {
			isa = XCBuildConfiguration;
			buildSettings = {
				ASSETCATALOG_COMPILER_APPICON_NAME = AppIcon;
				ASSETCATALOG_COMPILER_GLOBAL_ACCENT_COLOR_NAME = AccentColor;
				CODE_SIGN_ENTITLEMENTS = "FlightMetricsAppWatch Watch App/FlightMetricsAppWatch Watch App.entitlements";
				CODE_SIGN_IDENTITY = "Apple Development";
				CODE_SIGN_STYLE = Manual;
				CURRENT_PROJECT_VERSION = 1;
				DEVELOPMENT_ASSET_PATHS = "\"FlightMetricsAppWatch Watch App/Preview Content\"";
				DEVELOPMENT_TEAM = "";
				ENABLE_PREVIEWS = YES;
				GENERATE_INFOPLIST_FILE = YES;
				INFOPLIST_KEY_CFBundleDisplayName = FlightMetricsAppWatch;
				INFOPLIST_KEY_UISupportedInterfaceOrientations = "UIInterfaceOrientationPortrait UIInterfaceOrientationPortraitUpsideDown";
				INFOPLIST_KEY_WKCompanionAppBundleIdentifier = kacpergwiazda.FlightMetricsApp;
				LD_RUNPATH_SEARCH_PATHS = (
					"$(inherited)",
					"@executable_path/Frameworks",
				);
				MARKETING_VERSION = 1.0;
				PRODUCT_BUNDLE_IDENTIFIER = kacpergwiazda.FlightMetricsApp.watchkitapp;
				PRODUCT_NAME = "$(TARGET_NAME)";
				PROVISIONING_PROFILE_SPECIFIER = "";
				SDKROOT = watchos;
				SKIP_INSTALL = YES;
				SWIFT_EMIT_LOC_STRINGS = YES;
				SWIFT_VERSION = 5.0;
				TARGETED_DEVICE_FAMILY = 4;
				WATCHOS_DEPLOYMENT_TARGET = 10.5;
			};
			name = Debug;
		};
		3B9EF9E12E9168D400728123 /* Release */ = {
			isa = XCBuildConfiguration;
			buildSettings = {
				ASSETCATALOG_COMPILER_APPICON_NAME = AppIcon;
				ASSETCATALOG_COMPILER_GLOBAL_ACCENT_COLOR_NAME = AccentColor;
				CODE_SIGN_ENTITLEMENTS = "FlightMetricsAppWatch Watch App/FlightMetricsAppWatch Watch App.entitlements";
				CODE_SIGN_IDENTITY = "Apple Development";
				CODE_SIGN_STYLE = Manual;
				CURRENT_PROJECT_VERSION = 1;
				DEVELOPMENT_ASSET_PATHS = "\"FlightMetricsAppWatch Watch App/Preview Content\"";
				DEVELOPMENT_TEAM = "";
				ENABLE_PREVIEWS = YES;
				GENERATE_INFOPLIST_FILE = YES;
				INFOPLIST_KEY_CFBundleDisplayName = FlightMetricsAppWatch;
				INFOPLIST_KEY_UISupportedInterfaceOrientations = "UIInterfaceOrientationPortrait UIInterfaceOrientationPortraitUpsideDown";
				INFOPLIST_KEY_WKCompanionAppBundleIdentifier = kacpergwiazda.FlightMetricsApp;
				LD_RUNPATH_SEARCH_PATHS = (
					"$(inherited)",
					"@executable_path/Frameworks",
				);
				MARKETING_VERSION = 1.0;
				PRODUCT_BUNDLE_IDENTIFIER = kacpergwiazda.FlightMetricsApp.watchkitapp;
				PRODUCT_NAME = "$(TARGET_NAME)";
				PROVISIONING_PROFILE_SPECIFIER = "";
				SDKROOT = watchos;
				SKIP_INSTALL = YES;
				SWIFT_EMIT_LOC_STRINGS = YES;
				SWIFT_VERSION = 5.0;
				TARGETED_DEVICE_FAMILY = 4;
				WATCHOS_DEPLOYMENT_TARGET = 10.5;
			};
			name = Release;
		};
		3B9EF9E42E9168D400728123 /* Debug */ = {
			isa = XCBuildConfiguration;
			buildSettings = {
				ALWAYS_EMBED_SWIFT_STANDARD_LIBRARIES = YES;
				BUNDLE_LOADER = "$(TEST_HOST)";
				CODE_SIGN_STYLE = Automatic;
				CURRENT_PROJECT_VERSION = 1;
				GENERATE_INFOPLIST_FILE = YES;
				MARKETING_VERSION = 1.0;
				PRODUCT_BUNDLE_IDENTIFIER = "kacpergwiazda.FlightMetricsAppWatch-Watch-AppTests";
				PRODUCT_NAME = "$(TARGET_NAME)";
				SDKROOT = watchos;
				SWIFT_EMIT_LOC_STRINGS = NO;
				SWIFT_VERSION = 5.0;
				TARGETED_DEVICE_FAMILY = 4;
				TEST_HOST = "$(BUILT_PRODUCTS_DIR)/FlightMetricsAppWatch Watch App.app/$(BUNDLE_EXECUTABLE_FOLDER_PATH)/FlightMetricsAppWatch Watch App";
				WATCHOS_DEPLOYMENT_TARGET = 10.5;
			};
			name = Debug;
		};
		3B9EF9E52E9168D400728123 /* Release */ = {
			isa = XCBuildConfiguration;
			buildSettings = {
				ALWAYS_EMBED_SWIFT_STANDARD_LIBRARIES = YES;
				BUNDLE_LOADER = "$(TEST_HOST)";
				CODE_SIGN_STYLE = Automatic;
				CURRENT_PROJECT_VERSION = 1;
				GENERATE_INFOPLIST_FILE = YES;
				MARKETING_VERSION = 1.0;
				PRODUCT_BUNDLE_IDENTIFIER = "kacpergwiazda.FlightMetricsAppWatch-Watch-AppTests";
				PRODUCT_NAME = "$(TARGET_NAME)";
				SDKROOT = watchos;
				SWIFT_EMIT_LOC_STRINGS = NO;
				SWIFT_VERSION = 5.0;
				TARGETED_DEVICE_FAMILY = 4;
				TEST_HOST = "$(BUILT_PRODUCTS_DIR)/FlightMetricsAppWatch Watch App.app/$(BUNDLE_EXECUTABLE_FOLDER_PATH)/FlightMetricsAppWatch Watch App";
				WATCHOS_DEPLOYMENT_TARGET = 10.5;
			};
			name = Release;
		};
		3B9EF9E72E9168D400728123 /* Debug */ = {
			isa = XCBuildConfiguration;
			buildSettings = {
				ALWAYS_EMBED_SWIFT_STANDARD_LIBRARIES = YES;
				CODE_SIGN_STYLE = Automatic;
				CURRENT_PROJECT_VERSION = 1;
				GENERATE_INFOPLIST_FILE = YES;
				MARKETING_VERSION = 1.0;
				PRODUCT_BUNDLE_IDENTIFIER = "kacpergwiazda.FlightMetricsAppWatch-Watch-AppUITests";
				PRODUCT_NAME = "$(TARGET_NAME)";
				SDKROOT = watchos;
				SWIFT_EMIT_LOC_STRINGS = NO;
				SWIFT_VERSION = 5.0;
				TARGETED_DEVICE_FAMILY = 4;
				TEST_TARGET_NAME = "FlightMetricsAppWatch Watch App";
				WATCHOS_DEPLOYMENT_TARGET = 10.5;
			};
			name = Debug;
		};
		3B9EF9E82E9168D400728123 /* Release */ = {
			isa = XCBuildConfiguration;
			buildSettings = {
				ALWAYS_EMBED_SWIFT_STANDARD_LIBRARIES = YES;
				CODE_SIGN_STYLE = Automatic;
				CURRENT_PROJECT_VERSION = 1;
				GENERATE_INFOPLIST_FILE = YES;
				MARKETING_VERSION = 1.0;
				PRODUCT_BUNDLE_IDENTIFIER = "kacpergwiazda.FlightMetricsAppWatch-Watch-AppUITests";
				PRODUCT_NAME = "$(TARGET_NAME)";
				SDKROOT = watchos;
				SWIFT_EMIT_LOC_STRINGS = NO;
				SWIFT_VERSION = 5.0;
				TARGETED_DEVICE_FAMILY = 4;
				TEST_TARGET_NAME = "FlightMetricsAppWatch Watch App";
				WATCHOS_DEPLOYMENT_TARGET = 10.5;
			};
			name = Release;
		};
/* End XCBuildConfiguration section */

/* Begin XCConfigurationList section */
		3B9EF9852E915C3900728123 /* Build configuration list for PBXProject "FlightMetricsApp" */ = {
			isa = XCConfigurationList;
			buildConfigurations = (
				3B9EF9AC2E915C3C00728123 /* Debug */,
				3B9EF9AD2E915C3C00728123 /* Release */,
			);
			defaultConfigurationIsVisible = 0;
			defaultConfigurationName = Release;
		};
		3B9EF9AE2E915C3C00728123 /* Build configuration list for PBXNativeTarget "FlightMetricsApp" */ = {
			isa = XCConfigurationList;
			buildConfigurations = (
				3B9EF9AF2E915C3C00728123 /* Debug */,
				3B9EF9B02E915C3C00728123 /* Release */,
			);
			defaultConfigurationIsVisible = 0;
			defaultConfigurationName = Release;
		};
		3B9EF9B12E915C3C00728123 /* Build configuration list for PBXNativeTarget "FlightMetricsAppTests" */ = {
			isa = XCConfigurationList;
			buildConfigurations = (
				3B9EF9B22E915C3C00728123 /* Debug */,
				3B9EF9B32E915C3C00728123 /* Release */,
			);
			defaultConfigurationIsVisible = 0;
			defaultConfigurationName = Release;
		};
		3B9EF9B42E915C3C00728123 /* Build configuration list for PBXNativeTarget "FlightMetricsAppUITests" */ = {
			isa = XCConfigurationList;
			buildConfigurations = (
				3B9EF9B52E915C3C00728123 /* Debug */,
				3B9EF9B62E915C3C00728123 /* Release */,
			);
			defaultConfigurationIsVisible = 0;
			defaultConfigurationName = Release;
		};
		3B9EF9DF2E9168D400728123 /* Build configuration list for PBXNativeTarget "FlightMetricsAppWatch Watch App" */ = {
			isa = XCConfigurationList;
			buildConfigurations = (
				3B9EF9E02E9168D400728123 /* Debug */,
				3B9EF9E12E9168D400728123 /* Release */,
			);
			defaultConfigurationIsVisible = 0;
			defaultConfigurationName = Release;
		};
		3B9EF9E32E9168D400728123 /* Build configuration list for PBXNativeTarget "FlightMetricsAppWatch Watch AppTests" */ = {
			isa = XCConfigurationList;
			buildConfigurations = (
				3B9EF9E42E9168D400728123 /* Debug */,
				3B9EF9E52E9168D400728123 /* Release */,
			);
			defaultConfigurationIsVisible = 0;
			defaultConfigurationName = Release;
		};
		3B9EF9E62E9168D400728123 /* Build configuration list for PBXNativeTarget "FlightMetricsAppWatch Watch AppUITests" */ = {
			isa = XCConfigurationList;
			buildConfigurations = (
				3B9EF9E72E9168D400728123 /* Debug */,
				3B9EF9E82E9168D400728123 /* Release */,
			);
			defaultConfigurationIsVisible = 0;
			defaultConfigurationName = Release;
		};
/* End XCConfigurationList section */

/* Begin XCVersionGroup section */
		236B28A32EAD57EB008112BD /* FlightMetricsApp.xcdatamodeld */ = {
			isa = XCVersionGroup;
			children = (
				236B28A42EAD57EB008112BD /* FlightMetricsApp.xcdatamodel */,
			);
			currentVersion = 236B28A42EAD57EB008112BD /* FlightMetricsApp.xcdatamodel */;
			name = FlightMetricsApp.xcdatamodeld;
			path = /Users/gwiazdak/Documents/Personal/FlightMetricsApp/FlightMetricsApp/FlightMetricsApp.xcdatamodeld;
			sourceTree = "<group>";
			versionGroupType = wrapper.xcdatamodel;
		};
/* End XCVersionGroup section */
	};
	rootObject = 3B9EF9822E915C3900728123 /* Project object */;
}
